
Microsoft Visual Studio Solution File, Format Version 12.00
# Visual Studio Version 17
VisualStudioVersion = 17.1.32228.430
MinimumVisualStudioVersion = 10.0.40219.1
Project("{8BC9CEB8-8B4A-11D0-8D11-00A0C91BC942}") = "Compilater", "Compilater.vcxproj", "{482F47DB-5C17-4F06-95A8-F2439A2C7263}"
EndProject
Global
	GlobalSection(SolutionConfigurationPlatforms) = preSolution
		Debug|x64 = Debug|x64
		Debug|x86 = Debug|x86
		Release|x64 = Release|x64
		Release|x86 = Release|x86
	EndGlobalSection
	GlobalSection(ProjectConfigurationPlatforms) = postSolution
		{482F47DB-5C17-4F06-95A8-F2439A2C7263}.Debug|x64.ActiveCfg = Debug|x64
		{482F47DB-5C17-4F06-95A8-F2439A2C7263}.Debug|x64.Build.0 = Debug|x64
		{482F47DB-5C17-4F06-95A8-F2439A2C7263}.Debug|x86.ActiveCfg = Debug|Win32
		{482F47DB-5C17-4F06-95A8-F2439A2C7263}.Debug|x86.Build.0 = Debug|Win32
		{482F47DB-5C17-4F06-95A8-F2439A2C7263}.Release|x64.ActiveCfg = Release|x64
		{482F47DB-5C17-4F06-95A8-F2439A2C7263}.Release|x64.Build.0 = Release|x64
		{482F47DB-5C17-4F06-95A8-F2439A2C7263}.Release|x86.ActiveCfg = Release|Win32
		{482F47DB-5C17-4F06-95A8-F2439A2C7263}.Release|x86.Build.0 = Release|Win32
	EndGlobalSection
	GlobalSection(SolutionProperties) = preSolution
		HideSolutionNode = FALSE
	EndGlobalSection
	GlobalSection(ExtensibilityGlobals) = postSolution
		SolutionGuid = {026A5E7B-27AD-4BE7-8085-CEEDA70A393C}
	EndGlobalSection
EndGlobal
